// !$*UTF8*$!
{
	archiveVersion = 1;
	classes = {
	};
	objectVersion = 77;
	objects = {

/* Begin PBXBuildFile section */
		FA56A1102E6462A600C5430B /* README.md in Resources */ = {isa = PBXBuildFile; fileRef = FA56A10F2E6462A600C5430B /* README.md */; };
/* End PBXBuildFile section */

/* Begin PBXContainerItemProxy section */
		FA56A0E02E6461BB00C5430B /* PBXContainerItemProxy */ = {
			isa = PBXContainerItemProxy;
			containerPortal = FA56A0CA2E6461BA00C5430B /* Project object */;
			proxyType = 1;
			remoteGlobalIDString = FA56A0D12E6461BA00C5430B;
			remoteInfo = "swiftui-invisible-tabbar";
		};
		FA56A0EA2E6461BB00C5430B /* PBXContainerItemProxy */ = {
			isa = PBXContainerItemProxy;
			containerPortal = FA56A0CA2E6461BA00C5430B /* Project object */;
			proxyType = 1;
			remoteGlobalIDString = FA56A0D12E6461BA00C5430B;
			remoteInfo = "swiftui-invisible-tabbar";
		};
/* End PBXContainerItemProxy section */

/* Begin PBXFileReference section */
		FA56A0D22E6461BA00C5430B /* swiftui-invisible-tabbar.app */ = {isa = PBXFileReference; explicitFileType = wrapper.application; includeInIndex = 0; path = "swiftui-invisible-tabbar.app"; sourceTree = BUILT_PRODUCTS_DIR; };
		FA56A0DF2E6461BB00C5430B /* swiftui-invisible-tabbarTests.xctest */ = {isa = PBXFileReference; explicitFileType = wrapper.cfbundle; includeInIndex = 0; path = "swiftui-invisible-tabbarTests.xctest"; sourceTree = BUILT_PRODUCTS_DIR; };
		FA56A0E92E6461BB00C5430B /* swiftui-invisible-tabbarUITests.xctest */ = {isa = PBXFileReference; explicitFileType = wrapper.cfbundle; includeInIndex = 0; path = "swiftui-invisible-tabbarUITests.xctest"; sourceTree = BUILT_PRODUCTS_DIR; };
		FA56A10F2E6462A600C5430B /* README.md */ = {isa = PBXFileReference; lastKnownFileType = net.daringfireball.markdown; path = README.md; sourceTree = "<group>"; };
/* End PBXFileReference section */

/* Begin PBXFileSystemSynchronizedRootGroup section */
		FA56A0D42E6461BA00C5430B /* swiftui-invisible-tabbar */ = {
			isa = PBXFileSystemSynchronizedRootGroup;
			path = "swiftui-invisible-tabbar";
			sourceTree = "<group>";
		};
		FA56A0E22E6461BB00C5430B /* swiftui-invisible-tabbarTests */ = {
			isa = PBXFileSystemSynchronizedRootGroup;
			path = "swiftui-invisible-tabbarTests";
			sourceTree = "<group>";
		};
		FA56A0EC2E6461BB00C5430B /* swiftui-invisible-tabbarUITests */ = {
			isa = PBXFileSystemSynchronizedRootGroup;
			path = "swiftui-invisible-tabbarUITests";
			sourceTree = "<group>";
		};
/* End PBXFileSystemSynchronizedRootGroup section */

/* Begin PBXFrameworksBuildPhase section */
		FA56A0CF2E6461BA00C5430B /* Frameworks */ = {
			isa = PBXFrameworksBuildPhase;
			buildActionMask = 2147483647;
			files = (
			);
			runOnlyForDeploymentPostprocessing = 0;
		};
		FA56A0DC2E6461BB00C5430B /* Frameworks */ = {
			isa = PBXFrameworksBuildPhase;
			buildActionMask = 2147483647;
			files = (
			);
			runOnlyForDeploymentPostprocessing = 0;
		};
		FA56A0E62E6461BB00C5430B /* Frameworks */ = {
			isa = PBXFrameworksBuildPhase;
			buildActionMask = 2147483647;
			files = (
			);
			runOnlyForDeploymentPostprocessing = 0;
		};
/* End PBXFrameworksBuildPhase section */

/* Begin PBXGroup section */
		FA56A0C92E6461BA00C5430B = {
			isa = PBXGroup;
			children = (
				FA56A0D42E6461BA00C5430B /* swiftui-invisible-tabbar */,
				FA56A0E22E6461BB00C5430B /* swiftui-invisible-tabbarTests */,
				FA56A0EC2E6461BB00C5430B /* swiftui-invisible-tabbarUITests */,
				FA56A0D32E6461BA00C5430B /* Products */,
				FA56A10F2E6462A600C5430B /* README.md */,
			);
			sourceTree = "<group>";
		};
		FA56A0D32E6461BA00C5430B /* Products */ = {
			isa = PBXGroup;
			children = (
				FA56A0D22E6461BA00C5430B /* swiftui-invisible-tabbar.app */,
				FA56A0DF2E6461BB00C5430B /* swiftui-invisible-tabbarTests.xctest */,
				FA56A0E92E6461BB00C5430B /* swiftui-invisible-tabbarUITests.xctest */,
			);
			name = Products;
			sourceTree = "<group>";
		};
/* End PBXGroup section */

/* Begin PBXNativeTarget section */
		FA56A0D12E6461BA00C5430B /* swiftui-invisible-tabbar */ = {
			isa = PBXNativeTarget;
			buildConfigurationList = FA56A0F32E6461BB00C5430B /* Build configuration list for PBXNativeTarget "swiftui-invisible-tabbar" */;
			buildPhases = (
				FA56A0CE2E6461BA00C5430B /* Sources */,
				FA56A0CF2E6461BA00C5430B /* Frameworks */,
				FA56A0D02E6461BA00C5430B /* Resources */,
			);
			buildRules = (
			);
			dependencies = (
			);
			fileSystemSynchronizedGroups = (
				FA56A0D42E6461BA00C5430B /* swiftui-invisible-tabbar */,
			);
			name = "swiftui-invisible-tabbar";
			packageProductDependencies = (
			);
			productName = "swiftui-invisible-tabbar";
			productReference = FA56A0D22E6461BA00C5430B /* swiftui-invisible-tabbar.app */;
			productType = "com.apple.product-type.application";
		};
		FA56A0DE2E6461BB00C5430B /* swiftui-invisible-tabbarTests */ = {
			isa = PBXNativeTarget;
			buildConfigurationList = FA56A0F62E6461BB00C5430B /* Build configuration list for PBXNativeTarget "swiftui-invisible-tabbarTests" */;
			buildPhases = (
				FA56A0DB2E6461BB00C5430B /* Sources */,
				FA56A0DC2E6461BB00C5430B /* Frameworks */,
				FA56A0DD2E6461BB00C5430B /* Resources */,
			);
			buildRules = (
			);
			dependencies = (
				FA56A0E12E6461BB00C5430B /* PBXTargetDependency */,
			);
			fileSystemSynchronizedGroups = (
				FA56A0E22E6461BB00C5430B /* swiftui-invisible-tabbarTests */,
			);
			name = "swiftui-invisible-tabbarTests";
			packageProductDependencies = (
			);
			productName = "swiftui-invisible-tabbarTests";
			productReference = FA56A0DF2E6461BB00C5430B /* swiftui-invisible-tabbarTests.xctest */;
			productType = "com.apple.product-type.bundle.unit-test";
		};
		FA56A0E82E6461BB00C5430B /* swiftui-invisible-tabbarUITests */ = {
			isa = PBXNativeTarget;
			buildConfigurationList = FA56A0F92E6461BB00C5430B /* Build configuration list for PBXNativeTarget "swiftui-invisible-tabbarUITests" */;
			buildPhases = (
				FA56A0E52E6461BB00C5430B /* Sources */,
				FA56A0E62E6461BB00C5430B /* Frameworks */,
				FA56A0E72E6461BB00C5430B /* Resources */,
			);
			buildRules = (
			);
			dependencies = (
				FA56A0EB2E6461BB00C5430B /* PBXTargetDependency */,
			);
			fileSystemSynchronizedGroups = (
				FA56A0EC2E6461BB00C5430B /* swiftui-invisible-tabbarUITests */,
			);
			name = "swiftui-invisible-tabbarUITests";
			packageProductDependencies = (
			);
			productName = "swiftui-invisible-tabbarUITests";
			productReference = FA56A0E92E6461BB00C5430B /* swiftui-invisible-tabbarUITests.xctest */;
			productType = "com.apple.product-type.bundle.ui-testing";
		};
/* End PBXNativeTarget section */

/* Begin PBXProject section */
		FA56A0CA2E6461BA00C5430B /* Project object */ = {
			isa = PBXProject;
			attributes = {
				BuildIndependentTargetsInParallel = 1;
				LastSwiftUpdateCheck = 1640;
				LastUpgradeCheck = 1640;
				TargetAttributes = {
					FA56A0D12E6461BA00C5430B = {
						CreatedOnToolsVersion = 16.4;
					};
					FA56A0DE2E6461BB00C5430B = {
						CreatedOnToolsVersion = 16.4;
						TestTargetID = FA56A0D12E6461BA00C5430B;
					};
					FA56A0E82E6461BB00C5430B = {
						CreatedOnToolsVersion = 16.4;
						TestTargetID = FA56A0D12E6461BA00C5430B;
					};
				};
			};
			buildConfigurationList = FA56A0CD2E6461BA00C5430B /* Build configuration list for PBXProject "swiftui-invisible-tabbar" */;
			developmentRegion = en;
			hasScannedForEncodings = 0;
			knownRegions = (
				en,
				Base,
			);
			mainGroup = FA56A0C92E6461BA00C5430B;
			minimizedProjectReferenceProxies = 1;
			preferredProjectObjectVersion = 77;
			productRefGroup = FA56A0D32E6461BA00C5430B /* Products */;
			projectDirPath = "";
			projectRoot = "";
			targets = (
				FA56A0D12E6461BA00C5430B /* swiftui-invisible-tabbar */,
				FA56A0DE2E6461BB00C5430B /* swiftui-invisible-tabbarTests */,
				FA56A0E82E6461BB00C5430B /* swiftui-invisible-tabbarUITests */,
			);
		};
/* End PBXProject section */

/* Begin PBXResourcesBuildPhase section */
		FA56A0D02E6461BA00C5430B /* Resources */ = {
			isa = PBXResourcesBuildPhase;
			buildActionMask = 2147483647;
			files = (
				FA56A1102E6462A600C5430B /* README.md in Resources */,
			);
			runOnlyForDeploymentPostprocessing = 0;
		};
		FA56A0DD2E6461BB00C5430B /* Resources */ = {
			isa = PBXResourcesBuildPhase;
			buildActionMask = 2147483647;
			files = (
			);
			runOnlyForDeploymentPostprocessing = 0;
		};
		FA56A0E72E6461BB00C5430B /* Resources */ = {
			isa = PBXResourcesBuildPhase;
			buildActionMask = 2147483647;
			files = (
			);
			runOnlyForDeploymentPostprocessing = 0;
		};
/* End PBXResourcesBuildPhase section */

/* Begin PBXSourcesBuildPhase section */
		FA56A0CE2E6461BA00C5430B /* Sources */ = {
			isa = PBXSourcesBuildPhase;
			buildActionMask = 2147483647;
			files = (
			);
			runOnlyForDeploymentPostprocessing = 0;
		};
		FA56A0DB2E6461BB00C5430B /* Sources */ = {
			isa = PBXSourcesBuildPhase;
			buildActionMask = 2147483647;
			files = (
			);
			runOnlyForDeploymentPostprocessing = 0;
		};
		FA56A0E52E6461BB00C5430B /* Sources */ = {
			isa = PBXSourcesBuildPhase;
			buildActionMask = 2147483647;
			files = (
			);
			runOnlyForDeploymentPostprocessing = 0;
		};
/* End PBXSourcesBuildPhase section */

/* Begin PBXTargetDependency section */
		FA56A0E12E6461BB00C5430B /* PBXTargetDependency */ = {
			isa = PBXTargetDependency;
			target = FA56A0D12E6461BA00C5430B /* swiftui-invisible-tabbar */;
			targetProxy = FA56A0E02E6461BB00C5430B /* PBXContainerItemProxy */;
		};
		FA56A0EB2E6461BB00C5430B /* PBXTargetDependency */ = {
			isa = PBXTargetDependency;
			target = FA56A0D12E6461BA00C5430B /* swiftui-invisible-tabbar */;
			targetProxy = FA56A0EA2E6461BB00C5430B /* PBXContainerItemProxy */;
		};
/* End PBXTargetDependency section */

/* Begin XCBuildConfiguration section */
		FA56A0F12E6461BB00C5430B /* Debug */ = {
			isa = XCBuildConfiguration;
			buildSettings = {
				ALWAYS_SEARCH_USER_PATHS = NO;
				ASSETCATALOG_COMPILER_GENERATE_SWIFT_ASSET_SYMBOL_EXTENSIONS = YES;
				CLANG_ANALYZER_NONNULL = YES;
				CLANG_ANALYZER_NUMBER_OBJECT_CONVERSION = YES_AGGRESSIVE;
				CLANG_CXX_LANGUAGE_STANDARD = "gnu++20";
				CLANG_ENABLE_MODULES = YES;
				CLANG_ENABLE_OBJC_ARC = YES;
				CLANG_ENABLE_OBJC_WEAK = YES;
				CLANG_WARN_BLOCK_CAPTURE_AUTORELEASING = YES;
				CLANG_WARN_BOOL_CONVERSION = YES;
				CLANG_WARN_COMMA = YES;
				CLANG_WARN_CONSTANT_CONVERSION = YES;
				CLANG_WARN_DEPRECATED_OBJC_IMPLEMENTATIONS = YES;
				CLANG_WARN_DIRECT_OBJC_ISA_USAGE = YES_ERROR;
				CLANG_WARN_DOCUMENTATION_COMMENTS = YES;
				CLANG_WARN_EMPTY_BODY = YES;
				CLANG_WARN_ENUM_CONVERSION = YES;
				CLANG_WARN_INFINITE_RECURSION = YES;
				CLANG_WARN_INT_CONVERSION = YES;
				CLANG_WARN_NON_LITERAL_NULL_CONVERSION = YES;
				CLANG_WARN_OBJC_IMPLICIT_RETAIN_SELF = YES;
				CLANG_WARN_OBJC_LITERAL_CONVERSION = YES;
				CLANG_WARN_OBJC_ROOT_CLASS = YES_ERROR;
				CLANG_WARN_QUOTED_INCLUDE_IN_FRAMEWORK_HEADER = YES;
				CLANG_WARN_RANGE_LOOP_ANALYSIS = YES;
				CLANG_WARN_STRICT_PROTOTYPES = YES;
				CLANG_WARN_SUSPICIOUS_MOVE = YES;
				CLANG_WARN_UNGUARDED_AVAILABILITY = YES_AGGRESSIVE;
				CLANG_WARN_UNREACHABLE_CODE = YES;
				CLANG_WARN__DUPLICATE_METHOD_MATCH = YES;
				COPY_PHASE_STRIP = NO;
				DEBUG_INFORMATION_FORMAT = dwarf;
				DEVELOPMENT_TEAM = 93L3B2G32F;
				ENABLE_STRICT_OBJC_MSGSEND = YES;
				ENABLE_TESTABILITY = YES;
				ENABLE_USER_SCRIPT_SANDBOXING = YES;
				GCC_C_LANGUAGE_STANDARD = gnu17;
				GCC_DYNAMIC_NO_PIC = NO;
				GCC_NO_COMMON_BLOCKS = YES;
				GCC_OPTIMIZATION_LEVEL = 0;
				GCC_PREPROCESSOR_DEFINITIONS = (
					"DEBUG=1",
					"$(inherited)",
				);
				GCC_WARN_64_TO_32_BIT_CONVERSION = YES;
				GCC_WARN_ABOUT_RETURN_TYPE = YES_ERROR;
				GCC_WARN_UNDECLARED_SELECTOR = YES;
				GCC_WARN_UNINITIALIZED_AUTOS = YES_AGGRESSIVE;
				GCC_WARN_UNUSED_FUNCTION = YES;
				GCC_WARN_UNUSED_VARIABLE = YES;
				IPHONEOS_DEPLOYMENT_TARGET = 18.5;
				LOCALIZATION_PREFERS_STRING_CATALOGS = YES;
				MTL_ENABLE_DEBUG_INFO = INCLUDE_SOURCE;
				MTL_FAST_MATH = YES;
				ONLY_ACTIVE_ARCH = YES;
				SDKROOT = iphoneos;
				SWIFT_ACTIVE_COMPILATION_CONDITIONS = "DEBUG $(inherited)";
				SWIFT_OPTIMIZATION_LEVEL = "-Onone";
			};
			name = Debug;
		};
		FA56A0F22E6461BB00C5430B /* Release */ = {
			isa = XCBuildConfiguration;
			buildSettings = {
				ALWAYS_SEARCH_USER_PATHS = NO;
				ASSETCATALOG_COMPILER_GENERATE_SWIFT_ASSET_SYMBOL_EXTENSIONS = YES;
				CLANG_ANALYZER_NONNULL = YES;
				CLANG_ANALYZER_NUMBER_OBJECT_CONVERSION = YES_AGGRESSIVE;
				CLANG_CXX_LANGUAGE_STANDARD = "gnu++20";
				CLANG_ENABLE_MODULES = YES;
				CLANG_ENABLE_OBJC_ARC = YES;
				CLANG_ENABLE_OBJC_WEAK = YES;
				CLANG_WARN_BLOCK_CAPTURE_AUTORELEASING = YES;
				CLANG_WARN_BOOL_CONVERSION = YES;
				CLANG_WARN_COMMA = YES;
				CLANG_WARN_CONSTANT_CONVERSION = YES;
				CLANG_WARN_DEPRECATED_OBJC_IMPLEMENTATIONS = YES;
				CLANG_WARN_DIRECT_OBJC_ISA_USAGE = YES_ERROR;
				CLANG_WARN_DOCUMENTATION_COMMENTS = YES;
				CLANG_WARN_EMPTY_BODY = YES;
				CLANG_WARN_ENUM_CONVERSION = YES;
				CLANG_WARN_INFINITE_RECURSION = YES;
				CLANG_WARN_INT_CONVERSION = YES;
				CLANG_WARN_NON_LITERAL_NULL_CONVERSION = YES;
				CLANG_WARN_OBJC_IMPLICIT_RETAIN_SELF = YES;
				CLANG_WARN_OBJC_LITERAL_CONVERSION = YES;
				CLANG_WARN_OBJC_ROOT_CLASS = YES_ERROR;
				CLANG_WARN_QUOTED_INCLUDE_IN_FRAMEWORK_HEADER = YES;
				CLANG_WARN_RANGE_LOOP_ANALYSIS = YES;
				CLANG_WARN_STRICT_PROTOTYPES = YES;
				CLANG_WARN_SUSPICIOUS_MOVE = YES;
				CLANG_WARN_UNGUARDED_AVAILABILITY = YES_AGGRESSIVE;
				CLANG_WARN_UNREACHABLE_CODE = YES;
				CLANG_WARN__DUPLICATE_METHOD_MATCH = YES;
				COPY_PHASE_STRIP = NO;
				DEBUG_INFORMATION_FORMAT = "dwarf-with-dsym";
				DEVELOPMENT_TEAM = 93L3B2G32F;
				ENABLE_NS_ASSERTIONS = NO;
				ENABLE_STRICT_OBJC_MSGSEND = YES;
				ENABLE_USER_SCRIPT_SANDBOXING = YES;
				GCC_C_LANGUAGE_STANDARD = gnu17;
				GCC_NO_COMMON_BLOCKS = YES;
				GCC_WARN_64_TO_32_BIT_CONVERSION = YES;
				GCC_WARN_ABOUT_RETURN_TYPE = YES_ERROR;
				GCC_WARN_UNDECLARED_SELECTOR = YES;
				GCC_WARN_UNINITIALIZED_AUTOS = YES_AGGRESSIVE;
				GCC_WARN_UNUSED_FUNCTION = YES;
				GCC_WARN_UNUSED_VARIABLE = YES;
				IPHONEOS_DEPLOYMENT_TARGET = 18.5;
				LOCALIZATION_PREFERS_STRING_CATALOGS = YES;
				MTL_ENABLE_DEBUG_INFO = NO;
				MTL_FAST_MATH = YES;
				SDKROOT = iphoneos;
				SWIFT_COMPILATION_MODE = wholemodule;
				VALIDATE_PRODUCT = YES;
			};
			name = Release;
		};
		FA56A0F42E6461BB00C5430B /* Debug */ = {
			isa = XCBuildConfiguration;
			buildSettings = {
				ASSETCATALOG_COMPILER_APPICON_NAME = AppIcon;
				ASSETCATALOG_COMPILER_GLOBAL_ACCENT_COLOR_NAME = AccentColor;
				CODE_SIGN_STYLE = Automatic;
				CURRENT_PROJECT_VERSION = 1;
				DEVELOPMENT_TEAM = 93L3B2G32F;
				ENABLE_PREVIEWS = YES;
				GENERATE_INFOPLIST_FILE = YES;
				INFOPLIST_KEY_UIApplicationSceneManifest_Generation = YES;
				INFOPLIST_KEY_UIApplicationSupportsIndirectInputEvents = YES;
				INFOPLIST_KEY_UILaunchScreen_Generation = YES;
				INFOPLIST_KEY_UISupportedInterfaceOrientations_iPad = "UIInterfaceOrientationPortrait UIInterfaceOrientationPortraitUpsideDown UIInterfaceOrientationLandscapeLeft UIInterfaceOrientationLandscapeRight";
				INFOPLIST_KEY_UISupportedInterfaceOrientations_iPhone = "UIInterfaceOrientationPortrait UIInterfaceOrientationLandscapeLeft UIInterfaceOrientationLandscapeRight";
				LD_RUNPATH_SEARCH_PATHS = (
					"$(inherited)",
					"@executable_path/Frameworks",
				);
				MARKETING_VERSION = 1.0;
				PRODUCT_BUNDLE_IDENTIFIER = "com.coden0w.swiftui-invisible-tabbar";
				PRODUCT_NAME = "$(TARGET_NAME)";
				SWIFT_EMIT_LOC_STRINGS = YES;
				SWIFT_VERSION = 5.0;
				TARGETED_DEVICE_FAMILY = "1,2";
			};
			name = Debug;
		};
		FA56A0F52E6461BB00C5430B /* Release */ = {
			isa = XCBuildConfiguration;
			buildSettings = {
				ASSETCATALOG_COMPILER_APPICON_NAME = AppIcon;
				ASSETCATALOG_COMPILER_GLOBAL_ACCENT_COLOR_NAME = AccentColor;
				CODE_SIGN_STYLE = Automatic;
				CURRENT_PROJECT_VERSION = 1;
				DEVELOPMENT_TEAM = 93L3B2G32F;
				ENABLE_PREVIEWS = YES;
				GENERATE_INFOPLIST_FILE = YES;
				INFOPLIST_KEY_UIApplicationSceneManifest_Generation = YES;
				INFOPLIST_KEY_UIApplicationSupportsIndirectInputEvents = YES;
				INFOPLIST_KEY_UILaunchScreen_Generation = YES;
				INFOPLIST_KEY_UISupportedInterfaceOrientations_iPad = "UIInterfaceOrientationPortrait UIInterfaceOrientationPortraitUpsideDown UIInterfaceOrientationLandscapeLeft UIInterfaceOrientationLandscapeRight";
				INFOPLIST_KEY_UISupportedInterfaceOrientations_iPhone = "UIInterfaceOrientationPortrait UIInterfaceOrientationLandscapeLeft UIInterfaceOrientationLandscapeRight";
				LD_RUNPATH_SEARCH_PATHS = (
					"$(inherited)",
					"@executable_path/Frameworks",
				);
				MARKETING_VERSION = 1.0;
				PRODUCT_BUNDLE_IDENTIFIER = "com.coden0w.swiftui-invisible-tabbar";
				PRODUCT_NAME = "$(TARGET_NAME)";
				SWIFT_EMIT_LOC_STRINGS = YES;
				SWIFT_VERSION = 5.0;
				TARGETED_DEVICE_FAMILY = "1,2";
			};
			name = Release;
		};
		FA56A0F72E6461BB00C5430B /* Debug */ = {
			isa = XCBuildConfiguration;
			buildSettings = {
				BUNDLE_LOADER = "$(TEST_HOST)";
				CODE_SIGN_STYLE = Automatic;
				CURRENT_PROJECT_VERSION = 1;
				DEVELOPMENT_TEAM = 93L3B2G32F;
				GENERATE_INFOPLIST_FILE = YES;
				IPHONEOS_DEPLOYMENT_TARGET = 18.5;
				MARKETING_VERSION = 1.0;
				PRODUCT_BUNDLE_IDENTIFIER = "com.coden0w.swiftui-invisible-tabbarTests";
				PRODUCT_NAME = "$(TARGET_NAME)";
				SWIFT_EMIT_LOC_STRINGS = NO;
				SWIFT_VERSION = 5.0;
				TARGETED_DEVICE_FAMILY = "1,2";
				TEST_HOST = "$(BUILT_PRODUCTS_DIR)/swiftui-invisible-tabbar.app/$(BUNDLE_EXECUTABLE_FOLDER_PATH)/swiftui-invisible-tabbar";
			};
			name = Debug;
		};
		FA56A0F82E6461BB00C5430B /* Release */ = {
			isa = XCBuildConfiguration;
			buildSettings = {
				BUNDLE_LOADER = "$(TEST_HOST)";
				CODE_SIGN_STYLE = Automatic;
				CURRENT_PROJECT_VERSION = 1;
				DEVELOPMENT_TEAM = 93L3B2G32F;
				GENERATE_INFOPLIST_FILE = YES;
				IPHONEOS_DEPLOYMENT_TARGET = 18.5;
				MARKETING_VERSION = 1.0;
				PRODUCT_BUNDLE_IDENTIFIER = "com.coden0w.swiftui-invisible-tabbarTests";
				PRODUCT_NAME = "$(TARGET_NAME)";
				SWIFT_EMIT_LOC_STRINGS = NO;
				SWIFT_VERSION = 5.0;
				TARGETED_DEVICE_FAMILY = "1,2";
				TEST_HOST = "$(BUILT_PRODUCTS_DIR)/swiftui-invisible-tabbar.app/$(BUNDLE_EXECUTABLE_FOLDER_PATH)/swiftui-invisible-tabbar";
			};
			name = Release;
		};
		FA56A0FA2E6461BB00C5430B /* Debug */ = {
			isa = XCBuildConfiguration;
			buildSettings = {
				CODE_SIGN_STYLE = Automatic;
				CURRENT_PROJECT_VERSION = 1;
				DEVELOPMENT_TEAM = 93L3B2G32F;
				GENERATE_INFOPLIST_FILE = YES;
				MARKETING_VERSION = 1.0;
				PRODUCT_BUNDLE_IDENTIFIER = "com.coden0w.swiftui-invisible-tabbarUITests";
				PRODUCT_NAME = "$(TARGET_NAME)";
				SWIFT_EMIT_LOC_STRINGS = NO;
				SWIFT_VERSION = 5.0;
				TARGETED_DEVICE_FAMILY = "1,2";
				TEST_TARGET_NAME = "swiftui-invisible-tabbar";
			};
			name = Debug;
		};
		FA56A0FB2E6461BB00C5430B /* Release */ = {
			isa = XCBuildConfiguration;
			buildSettings = {
				CODE_SIGN_STYLE = Automatic;
				CURRENT_PROJECT_VERSION = 1;
				DEVELOPMENT_TEAM = 93L3B2G32F;
				GENERATE_INFOPLIST_FILE = YES;
				MARKETING_VERSION = 1.0;
				PRODUCT_BUNDLE_IDENTIFIER = "com.coden0w.swiftui-invisible-tabbarUITests";
				PRODUCT_NAME = "$(TARGET_NAME)";
				SWIFT_EMIT_LOC_STRINGS = NO;
				SWIFT_VERSION = 5.0;
				TARGETED_DEVICE_FAMILY = "1,2";
				TEST_TARGET_NAME = "swiftui-invisible-tabbar";
			};
			name = Release;
		};
/* End XCBuildConfiguration section */

/* Begin XCConfigurationList section */
		FA56A0CD2E6461BA00C5430B /* Build configuration list for PBXProject "swiftui-invisible-tabbar" */ = {
			isa = XCConfigurationList;
			buildConfigurations = (
				FA56A0F12E6461BB00C5430B /* Debug */,
				FA56A0F22E6461BB00C5430B /* Release */,
			);
			defaultConfigurationIsVisible = 0;
			defaultConfigurationName = Release;
		};
		FA56A0F32E6461BB00C5430B /* Build configuration list for PBXNativeTarget "swiftui-invisible-tabbar" */ = {
			isa = XCConfigurationList;
			buildConfigurations = (
				FA56A0F42E6461BB00C5430B /* Debug */,
				FA56A0F52E6461BB00C5430B /* Release */,
			);
			defaultConfigurationIsVisible = 0;
			defaultConfigurationName = Release;
		};
		FA56A0F62E6461BB00C5430B /* Build configuration list for PBXNativeTarget "swiftui-invisible-tabbarTests" */ = {
			isa = XCConfigurationList;
			buildConfigurations = (
				FA56A0F72E6461BB00C5430B /* Debug */,
				FA56A0F82E6461BB00C5430B /* Release */,
			);
			defaultConfigurationIsVisible = 0;
			defaultConfigurationName = Release;
		};
		FA56A0F92E6461BB00C5430B /* Build configuration list for PBXNativeTarget "swiftui-invisible-tabbarUITests" */ = {
			isa = XCConfigurationList;
			buildConfigurations = (
				FA56A0FA2E6461BB00C5430B /* Debug */,
				FA56A0FB2E6461BB00C5430B /* Release */,
			);
			defaultConfigurationIsVisible = 0;
			defaultConfigurationName = Release;
		};
/* End XCConfigurationList section */
	};
	rootObject = FA56A0CA2E6461BA00C5430B /* Project object */;
}
